
Microsoft Visual Studio Solution File, Format Version 12.00
# Visual Studio Version 16
VisualStudioVersion = 16.0.30804.86
MinimumVisualStudioVersion = 10.0.40219.1
Project("{FAE04EC0-301F-11D3-BF4B-00C04F79EFBC}") = "MvcMovie", "MvcMovie\MvcMovie.csproj", "{ECD0B005-8A99-4060-A20F-A8FC846E2206}"
EndProject
Global
	GlobalSection(SolutionConfigurationPlatforms) = preSolution
		Debug|Any CPU = Debug|Any CPU
		Release|Any CPU = Release|Any CPU
	EndGlobalSection
	GlobalSection(ProjectConfigurationPlatforms) = postSolution
		{ECD0B005-8A99-4060-A20F-A8FC846E2206}.Debug|Any CPU.ActiveCfg = Debug|Any CPU
		{ECD0B005-8A99-4060-A20F-A8FC846E2206}.Debug|Any CPU.Build.0 = Debug|Any CPU
		{ECD0B005-8A99-4060-A20F-A8FC846E2206}.Release|Any CPU.ActiveCfg = Release|Any CPU
		{ECD0B005-8A99-4060-A20F-A8FC846E2206}.Release|Any CPU.Build.0 = Release|Any CPU
	EndGlobalSection
	GlobalSection(SolutionProperties) = preSolution
		HideSolutionNode = FALSE
	EndGlobalSection
	GlobalSection(ExtensibilityGlobals) = postSolution
		SolutionGuid = {D4B40617-1778-41F1-824D-C0460B19DEF9}
	EndGlobalSection
EndGlobal
